
Microsoft Visual Studio Solution File, Format Version 12.00
Project("{FAE04EC0-301F-11D3-BF4B-00C04F79EFBC}") = "Spartan.Encryption", "Spartan.Encryption\Spartan.Encryption.csproj", "{05A2D78A-F688-474B-B32B-0FF4C80C32A1}"
EndProject
Project("{FAE04EC0-301F-11D3-BF4B-00C04F79EFBC}") = "Spartan.Server", "Spartan.Server\Spartan.Server.csproj", "{C60E8790-41A4-4B3E-9785-F06D7796DF01}"
EndProject
Project("{FAE04EC0-301F-11D3-BF4B-00C04F79EFBC}") = "Spartan.Payload", "Spartan.Payload\Spartan.Payload.csproj", "{71ADA85D-EBC9-4B34-B471-4D7EEF430575}"
EndProject
Project("{FAE04EC0-301F-11D3-BF4B-00C04F79EFBC}") = "Spartan.CLI", "Spartan.CLI\Spartan.CLI.csproj", "{C15AF8D4-2AF1-4A8B-98C7-8267118942D8}"
EndProject
Project("{FAE04EC0-301F-11D3-BF4B-00C04F79EFBC}") = "Spartan.Client", "Spartan.Client\Spartan.Client.csproj", "{B5B2EB6D-D5D1-4EAE-A17E-28CDD3DC45A5}"
EndProject
Project("{FAE04EC0-301F-11D3-BF4B-00C04F79EFBC}") = "Spartan.Models", "Spartan.Models\Spartan.Models.csproj", "{6E74806F-61A1-47B2-B657-537BD4A67CB2}"
EndProject
Project("{FAE04EC0-301F-11D3-BF4B-00C04F79EFBC}") = "Spartan.Commands", "Spartan.Commands\Spartan.Commands.csproj", "{40BD9DD9-B384-4CBC-BDEC-7102DDF14BA4}"
EndProject
Global
	GlobalSection(SolutionConfigurationPlatforms) = preSolution
		Debug|Any CPU = Debug|Any CPU
		Release|Any CPU = Release|Any CPU
	EndGlobalSection
	GlobalSection(ProjectConfigurationPlatforms) = postSolution
		{05A2D78A-F688-474B-B32B-0FF4C80C32A1}.Debug|Any CPU.ActiveCfg = Debug|Any CPU
		{05A2D78A-F688-474B-B32B-0FF4C80C32A1}.Debug|Any CPU.Build.0 = Debug|Any CPU
		{05A2D78A-F688-474B-B32B-0FF4C80C32A1}.Release|Any CPU.ActiveCfg = Release|Any CPU
		{05A2D78A-F688-474B-B32B-0FF4C80C32A1}.Release|Any CPU.Build.0 = Release|Any CPU
		{C60E8790-41A4-4B3E-9785-F06D7796DF01}.Debug|Any CPU.ActiveCfg = Debug|Any CPU
		{C60E8790-41A4-4B3E-9785-F06D7796DF01}.Debug|Any CPU.Build.0 = Debug|Any CPU
		{C60E8790-41A4-4B3E-9785-F06D7796DF01}.Release|Any CPU.ActiveCfg = Release|Any CPU
		{C60E8790-41A4-4B3E-9785-F06D7796DF01}.Release|Any CPU.Build.0 = Release|Any CPU
		{71ADA85D-EBC9-4B34-B471-4D7EEF430575}.Debug|Any CPU.ActiveCfg = Debug|Any CPU
		{71ADA85D-EBC9-4B34-B471-4D7EEF430575}.Debug|Any CPU.Build.0 = Debug|Any CPU
		{71ADA85D-EBC9-4B34-B471-4D7EEF430575}.Release|Any CPU.ActiveCfg = Release|Any CPU
		{71ADA85D-EBC9-4B34-B471-4D7EEF430575}.Release|Any CPU.Build.0 = Release|Any CPU
		{C15AF8D4-2AF1-4A8B-98C7-8267118942D8}.Debug|Any CPU.ActiveCfg = Debug|Any CPU
		{C15AF8D4-2AF1-4A8B-98C7-8267118942D8}.Debug|Any CPU.Build.0 = Debug|Any CPU
		{C15AF8D4-2AF1-4A8B-98C7-8267118942D8}.Release|Any CPU.ActiveCfg = Release|Any CPU
		{C15AF8D4-2AF1-4A8B-98C7-8267118942D8}.Release|Any CPU.Build.0 = Release|Any CPU
		{B5B2EB6D-D5D1-4EAE-A17E-28CDD3DC45A5}.Debug|Any CPU.ActiveCfg = Debug|Any CPU
		{B5B2EB6D-D5D1-4EAE-A17E-28CDD3DC45A5}.Debug|Any CPU.Build.0 = Debug|Any CPU
		{B5B2EB6D-D5D1-4EAE-A17E-28CDD3DC45A5}.Release|Any CPU.ActiveCfg = Release|Any CPU
		{B5B2EB6D-D5D1-4EAE-A17E-28CDD3DC45A5}.Release|Any CPU.Build.0 = Release|Any CPU
		{6E74806F-61A1-47B2-B657-537BD4A67CB2}.Debug|Any CPU.ActiveCfg = Debug|Any CPU
		{6E74806F-61A1-47B2-B657-537BD4A67CB2}.Debug|Any CPU.Build.0 = Debug|Any CPU
		{6E74806F-61A1-47B2-B657-537BD4A67CB2}.Release|Any CPU.ActiveCfg = Release|Any CPU
		{6E74806F-61A1-47B2-B657-537BD4A67CB2}.Release|Any CPU.Build.0 = Release|Any CPU
		{40BD9DD9-B384-4CBC-BDEC-7102DDF14BA4}.Debug|Any CPU.ActiveCfg = Debug|Any CPU
		{40BD9DD9-B384-4CBC-BDEC-7102DDF14BA4}.Debug|Any CPU.Build.0 = Debug|Any CPU
		{40BD9DD9-B384-4CBC-BDEC-7102DDF14BA4}.Release|Any CPU.ActiveCfg = Release|Any CPU
		{40BD9DD9-B384-4CBC-BDEC-7102DDF14BA4}.Release|Any CPU.Build.0 = Release|Any CPU
	EndGlobalSection
	GlobalSection(NestedProjects) = preSolution
	EndGlobalSection
EndGlobal
